
Microsoft Visual Studio Solution File, Format Version 12.00
# Visual Studio Version 17
VisualStudioVersion = 17.14.36511.14
MinimumVisualStudioVersion = 10.0.40219.1
Project("{FAE04EC0-301F-11D3-BF4B-00C04F79EFBC}") = "Libreria.Modelos", "Libreria.Modelos\Libreria.Modelos.csproj", "{C1978637-CE5C-4191-B986-61802EBF5FCD}"
EndProject
Project("{FAE04EC0-301F-11D3-BF4B-00C04F79EFBC}") = "API_Libreria", "API_Libreria\API_Libreria.csproj", "{BC08724F-D619-46A7-A7FB-EAE96875029E}"
EndProject
Project("{FAE04EC0-301F-11D3-BF4B-00C04F79EFBC}") = "API_Consumer", "API_Consumer\API_Consumer.csproj", "{76C111AF-B259-4E66-814C-714356F2B6F2}"
EndProject
Project("{FAE04EC0-301F-11D3-BF4B-00C04F79EFBC}") = "Libreria.MVC", "Libreria.MVC\Libreria.MVC.csproj", "{C017288D-775F-4B1B-B625-4D6CC6072A2A}"
EndProject
Project("{FAE04EC0-301F-11D3-BF4B-00C04F79EFBC}") = "Libreria.Servicios", "Libreria.Servicios\Libreria.Servicios.csproj", "{BC10E0D4-6D29-4AD8-AF62-29CAA337FDC5}"
EndProject
Global
	GlobalSection(SolutionConfigurationPlatforms) = preSolution
		Debug|Any CPU = Debug|Any CPU
		Release|Any CPU = Release|Any CPU
	EndGlobalSection
	GlobalSection(ProjectConfigurationPlatforms) = postSolution
		{C1978637-CE5C-4191-B986-61802EBF5FCD}.Debug|Any CPU.ActiveCfg = Debug|Any CPU
		{C1978637-CE5C-4191-B986-61802EBF5FCD}.Debug|Any CPU.Build.0 = Debug|Any CPU
		{C1978637-CE5C-4191-B986-61802EBF5FCD}.Release|Any CPU.ActiveCfg = Release|Any CPU
		{C1978637-CE5C-4191-B986-61802EBF5FCD}.Release|Any CPU.Build.0 = Release|Any CPU
		{BC08724F-D619-46A7-A7FB-EAE96875029E}.Debug|Any CPU.ActiveCfg = Debug|Any CPU
		{BC08724F-D619-46A7-A7FB-EAE96875029E}.Debug|Any CPU.Build.0 = Debug|Any CPU
		{BC08724F-D619-46A7-A7FB-EAE96875029E}.Release|Any CPU.ActiveCfg = Release|Any CPU
		{BC08724F-D619-46A7-A7FB-EAE96875029E}.Release|Any CPU.Build.0 = Release|Any CPU
		{76C111AF-B259-4E66-814C-714356F2B6F2}.Debug|Any CPU.ActiveCfg = Debug|Any CPU
		{76C111AF-B259-4E66-814C-714356F2B6F2}.Debug|Any CPU.Build.0 = Debug|Any CPU
		{76C111AF-B259-4E66-814C-714356F2B6F2}.Release|Any CPU.ActiveCfg = Release|Any CPU
		{76C111AF-B259-4E66-814C-714356F2B6F2}.Release|Any CPU.Build.0 = Release|Any CPU
		{C017288D-775F-4B1B-B625-4D6CC6072A2A}.Debug|Any CPU.ActiveCfg = Debug|Any CPU
		{C017288D-775F-4B1B-B625-4D6CC6072A2A}.Debug|Any CPU.Build.0 = Debug|Any CPU
		{C017288D-775F-4B1B-B625-4D6CC6072A2A}.Release|Any CPU.ActiveCfg = Release|Any CPU
		{C017288D-775F-4B1B-B625-4D6CC6072A2A}.Release|Any CPU.Build.0 = Release|Any CPU
		{BC10E0D4-6D29-4AD8-AF62-29CAA337FDC5}.Debug|Any CPU.ActiveCfg = Debug|Any CPU
		{BC10E0D4-6D29-4AD8-AF62-29CAA337FDC5}.Debug|Any CPU.Build.0 = Debug|Any CPU
		{BC10E0D4-6D29-4AD8-AF62-29CAA337FDC5}.Release|Any CPU.ActiveCfg = Release|Any CPU
		{BC10E0D4-6D29-4AD8-AF62-29CAA337FDC5}.Release|Any CPU.Build.0 = Release|Any CPU
	EndGlobalSection
	GlobalSection(SolutionProperties) = preSolution
		HideSolutionNode = FALSE
	EndGlobalSection
	GlobalSection(ExtensibilityGlobals) = postSolution
		SolutionGuid = {13F78300-A69E-41FB-A9B4-57746844D0E4}
	EndGlobalSection
EndGlobal
